// !$*UTF8*$!
{
	archiveVersion = 1;
	classes = {
	};
	objectVersion = 50;
	objects = {

/* Begin PBXBuildFile section */
		C8E6E42EBC416AE72ECF9E9F /* Pods_zujianhuaTest.framework in Frameworks */ = {isa = PBXBuildFile; fileRef = A30B87A56B999C7D25FC70A4 /* Pods_zujianhuaTest.framework */; };
		ECB6328726B2911800D1DC0E /* AppDelegate.m in Sources */ = {isa = PBXBuildFile; fileRef = ECB6328626B2911800D1DC0E /* AppDelegate.m */; };
		ECB6328A26B2911800D1DC0E /* SceneDelegate.m in Sources */ = {isa = PBXBuildFile; fileRef = ECB6328926B2911800D1DC0E /* SceneDelegate.m */; };
		ECB6328D26B2911800D1DC0E /* ViewController.m in Sources */ = {isa = PBXBuildFile; fileRef = ECB6328C26B2911800D1DC0E /* ViewController.m */; };
		ECB6329026B2911800D1DC0E /* Main.storyboard in Resources */ = {isa = PBXBuildFile; fileRef = ECB6328E26B2911800D1DC0E /* Main.storyboard */; };
		ECB6329226B2911900D1DC0E /* Assets.xcassets in Resources */ = {isa = PBXBuildFile; fileRef = ECB6329126B2911900D1DC0E /* Assets.xcassets */; };
		ECB6329526B2911900D1DC0E /* LaunchScreen.storyboard in Resources */ = {isa = PBXBuildFile; fileRef = ECB6329326B2911900D1DC0E /* LaunchScreen.storyboard */; };
		ECB6329826B2911900D1DC0E /* main.m in Sources */ = {isa = PBXBuildFile; fileRef = ECB6329726B2911900D1DC0E /* main.m */; };
/* End PBXBuildFile section */

/* Begin PBXFileReference section */
		4DE418E3DE5B7124E0CD565C /* Pods-zujianhuaTest.debug.xcconfig */ = {isa = PBXFileReference; includeInIndex = 1; lastKnownFileType = text.xcconfig; name = "Pods-zujianhuaTest.debug.xcconfig"; path = "Target Support Files/Pods-zujianhuaTest/Pods-zujianhuaTest.debug.xcconfig"; sourceTree = "<group>"; };
		7431F237D182551DA65FD798 /* Pods-zujianhuaTest.release.xcconfig */ = {isa = PBXFileReference; includeInIndex = 1; lastKnownFileType = text.xcconfig; name = "Pods-zujianhuaTest.release.xcconfig"; path = "Target Support Files/Pods-zujianhuaTest/Pods-zujianhuaTest.release.xcconfig"; sourceTree = "<group>"; };
		A30B87A56B999C7D25FC70A4 /* Pods_zujianhuaTest.framework */ = {isa = PBXFileReference; explicitFileType = wrapper.framework; includeInIndex = 0; path = Pods_zujianhuaTest.framework; sourceTree = BUILT_PRODUCTS_DIR; };
		ECB6328226B2911800D1DC0E /* zujianhuaTest.app */ = {isa = PBXFileReference; explicitFileType = wrapper.application; includeInIndex = 0; path = zujianhuaTest.app; sourceTree = BUILT_PRODUCTS_DIR; };
		ECB6328526B2911800D1DC0E /* AppDelegate.h */ = {isa = PBXFileReference; lastKnownFileType = sourcecode.c.h; path = AppDelegate.h; sourceTree = "<group>"; };
		ECB6328626B2911800D1DC0E /* AppDelegate.m */ = {isa = PBXFileReference; lastKnownFileType = sourcecode.c.objc; path = AppDelegate.m; sourceTree = "<group>"; };
		ECB6328826B2911800D1DC0E /* SceneDelegate.h */ = {isa = PBXFileReference; lastKnownFileType = sourcecode.c.h; path = SceneDelegate.h; sourceTree = "<group>"; };
		ECB6328926B2911800D1DC0E /* SceneDelegate.m */ = {isa = PBXFileReference; lastKnownFileType = sourcecode.c.objc; path = SceneDelegate.m; sourceTree = "<group>"; };
		ECB6328B26B2911800D1DC0E /* ViewController.h */ = {isa = PBXFileReference; lastKnownFileType = sourcecode.c.h; path = ViewController.h; sourceTree = "<group>"; };
		ECB6328C26B2911800D1DC0E /* ViewController.m */ = {isa = PBXFileReference; lastKnownFileType = sourcecode.c.objc; path = ViewController.m; sourceTree = "<group>"; };
		ECB6328F26B2911800D1DC0E /* Base */ = {isa = PBXFileReference; lastKnownFileType = file.storyboard; name = Base; path = Base.lproj/Main.storyboard; sourceTree = "<group>"; };
		ECB6329126B2911900D1DC0E /* Assets.xcassets */ = {isa = PBXFileReference; lastKnownFileType = folder.assetcatalog; path = Assets.xcassets; sourceTree = "<group>"; };
		ECB6329426B2911900D1DC0E /* Base */ = {isa = PBXFileReference; lastKnownFileType = file.storyboard; name = Base; path = Base.lproj/LaunchScreen.storyboard; sourceTree = "<group>"; };
		ECB6329626B2911900D1DC0E /* Info.plist */ = {isa = PBXFileReference; lastKnownFileType = text.plist.xml; path = Info.plist; sourceTree = "<group>"; };
		ECB6329726B2911900D1DC0E /* main.m */ = {isa = PBXFileReference; lastKnownFileType = sourcecode.c.objc; path = main.m; sourceTree = "<group>"; };
/* End PBXFileReference section */

/* Begin PBXFrameworksBuildPhase section */
		ECB6327F26B2911800D1DC0E /* Frameworks */ = {
			isa = PBXFrameworksBuildPhase;
			buildActionMask = 2147483647;
			files = (
				C8E6E42EBC416AE72ECF9E9F /* Pods_zujianhuaTest.framework in Frameworks */,
			);
			runOnlyForDeploymentPostprocessing = 0;
		};
/* End PBXFrameworksBuildPhase section */

/* Begin PBXGroup section */
		3F8C94DDB03A0860431A5523 /* Pods */ = {
			isa = PBXGroup;
			children = (
				4DE418E3DE5B7124E0CD565C /* Pods-zujianhuaTest.debug.xcconfig */,
				7431F237D182551DA65FD798 /* Pods-zujianhuaTest.release.xcconfig */,
			);
			name = Pods;
			path = Pods;
			sourceTree = "<group>";
		};
		ECB6327926B2911800D1DC0E = {
			isa = PBXGroup;
			children = (
				ECB6328426B2911800D1DC0E /* zujianhuaTest */,
				ECB6328326B2911800D1DC0E /* Products */,
				3F8C94DDB03A0860431A5523 /* Pods */,
				F9C1F3C40707F5ED4CCFA3A4 /* Frameworks */,
			);
			sourceTree = "<group>";
		};
		ECB6328326B2911800D1DC0E /* Products */ = {
			isa = PBXGroup;
			children = (
				ECB6328226B2911800D1DC0E /* zujianhuaTest.app */,
			);
			name = Products;
			sourceTree = "<group>";
		};
		ECB6328426B2911800D1DC0E /* zujianhuaTest */ = {
			isa = PBXGroup;
			children = (
				ECB6328526B2911800D1DC0E /* AppDelegate.h */,
				ECB6328626B2911800D1DC0E /* AppDelegate.m */,
				ECB6328826B2911800D1DC0E /* SceneDelegate.h */,
				ECB6328926B2911800D1DC0E /* SceneDelegate.m */,
				ECB6328B26B2911800D1DC0E /* ViewController.h */,
				ECB6328C26B2911800D1DC0E /* ViewController.m */,
				ECB6328E26B2911800D1DC0E /* Main.storyboard */,
				ECB6329126B2911900D1DC0E /* Assets.xcassets */,
				ECB6329326B2911900D1DC0E /* LaunchScreen.storyboard */,
				ECB6329626B2911900D1DC0E /* Info.plist */,
				ECB6329726B2911900D1DC0E /* main.m */,
			);
			path = zujianhuaTest;
			sourceTree = "<group>";
		};
		F9C1F3C40707F5ED4CCFA3A4 /* Frameworks */ = {
			isa = PBXGroup;
			children = (
				A30B87A56B999C7D25FC70A4 /* Pods_zujianhuaTest.framework */,
			);
			name = Frameworks;
			sourceTree = "<group>";
		};
/* End PBXGroup section */

/* Begin PBXNativeTarget section */
		ECB6328126B2911800D1DC0E /* zujianhuaTest */ = {
			isa = PBXNativeTarget;
			buildConfigurationList = ECB6329B26B2911900D1DC0E /* Build configuration list for PBXNativeTarget "zujianhuaTest" */;
			buildPhases = (
				678536A4F71D00E525E6BB30 /* [CP] Check Pods Manifest.lock */,
				ECB6327E26B2911800D1DC0E /* Sources */,
				ECB6327F26B2911800D1DC0E /* Frameworks */,
				ECB6328026B2911800D1DC0E /* Resources */,
				AAEA9585077DA15CBBDFFD36 /* [CP] Embed Pods Frameworks */,
			);
			buildRules = (
			);
			dependencies = (
			);
			name = zujianhuaTest;
			productName = zujianhuaTest;
			productReference = ECB6328226B2911800D1DC0E /* zujianhuaTest.app */;
			productType = "com.apple.product-type.application";
		};
/* End PBXNativeTarget section */

/* Begin PBXProject section */
		ECB6327A26B2911800D1DC0E /* Project object */ = {
			isa = PBXProject;
			attributes = {
				LastUpgradeCheck = 1250;
				TargetAttributes = {
					ECB6328126B2911800D1DC0E = {
						CreatedOnToolsVersion = 12.5;
					};
				};
			};
			buildConfigurationList = ECB6327D26B2911800D1DC0E /* Build configuration list for PBXProject "zujianhuaTest" */;
			compatibilityVersion = "Xcode 9.3";
			developmentRegion = en;
			hasScannedForEncodings = 0;
			knownRegions = (
				en,
				Base,
			);
			mainGroup = ECB6327926B2911800D1DC0E;
			productRefGroup = ECB6328326B2911800D1DC0E /* Products */;
			projectDirPath = "";
			projectRoot = "";
			targets = (
				ECB6328126B2911800D1DC0E /* zujianhuaTest */,
			);
		};
/* End PBXProject section */

/* Begin PBXResourcesBuildPhase section */
		ECB6328026B2911800D1DC0E /* Resources */ = {
			isa = PBXResourcesBuildPhase;
			buildActionMask = 2147483647;
			files = (
				ECB6329526B2911900D1DC0E /* LaunchScreen.storyboard in Resources */,
				ECB6329226B2911900D1DC0E /* Assets.xcassets in Resources */,
				ECB6329026B2911800D1DC0E /* Main.storyboard in Resources */,
			);
			runOnlyForDeploymentPostprocessing = 0;
		};
/* End PBXResourcesBuildPhase section */

/* Begin PBXShellScriptBuildPhase section */
		678536A4F71D00E525E6BB30 /* [CP] Check Pods Manifest.lock */ = {
			isa = PBXShellScriptBuildPhase;
			buildActionMask = 2147483647;
			files = (
			);
			inputFileListPaths = (
			);
			inputPaths = (
				"${PODS_PODFILE_DIR_PATH}/Podfile.lock",
				"${PODS_ROOT}/Manifest.lock",
			);
			name = "[CP] Check Pods Manifest.lock";
			outputFileListPaths = (
			);
			outputPaths = (
				"$(DERIVED_FILE_DIR)/Pods-zujianhuaTest-checkManifestLockResult.txt",
			);
			runOnlyForDeploymentPostprocessing = 0;
			shellPath = /bin/sh;
			shellScript = "diff \"${PODS_PODFILE_DIR_PATH}/Podfile.lock\" \"${PODS_ROOT}/Manifest.lock\" > /dev/null\nif [ $? != 0 ] ; then\n    # print error to STDERR\n    echo \"error: The sandbox is not in sync with the Podfile.lock. Run 'pod install' or update your CocoaPods installation.\" >&2\n    exit 1\nfi\n# This output is used by Xcode 'outputs' to avoid re-running this script phase.\necho \"SUCCESS\" > \"${SCRIPT_OUTPUT_FILE_0}\"\n";
			showEnvVarsInLog = 0;
		};
		AAEA9585077DA15CBBDFFD36 /* [CP] Embed Pods Frameworks */ = {
			isa = PBXShellScriptBuildPhase;
			buildActionMask = 2147483647;
			files = (
			);
			inputFileListPaths = (
				"${PODS_ROOT}/Target Support Files/Pods-zujianhuaTest/Pods-zujianhuaTest-frameworks-${CONFIGURATION}-input-files.xcfilelist",
			);
			name = "[CP] Embed Pods Frameworks";
			outputFileListPaths = (
				"${PODS_ROOT}/Target Support Files/Pods-zujianhuaTest/Pods-zujianhuaTest-frameworks-${CONFIGURATION}-output-files.xcfilelist",
			);
			runOnlyForDeploymentPostprocessing = 0;
			shellPath = /bin/sh;
			shellScript = "\"${PODS_ROOT}/Target Support Files/Pods-zujianhuaTest/Pods-zujianhuaTest-frameworks.sh\"\n";
			showEnvVarsInLog = 0;
		};
/* End PBXShellScriptBuildPhase section */

/* Begin PBXSourcesBuildPhase section */
		ECB6327E26B2911800D1DC0E /* Sources */ = {
			isa = PBXSourcesBuildPhase;
			buildActionMask = 2147483647;
			files = (
				ECB6328D26B2911800D1DC0E /* ViewController.m in Sources */,
				ECB6328726B2911800D1DC0E /* AppDelegate.m in Sources */,
				ECB6329826B2911900D1DC0E /* main.m in Sources */,
				ECB6328A26B2911800D1DC0E /* SceneDelegate.m in Sources */,
			);
			runOnlyForDeploymentPostprocessing = 0;
		};
/* End PBXSourcesBuildPhase section */

/* Begin PBXVariantGroup section */
		ECB6328E26B2911800D1DC0E /* Main.storyboard */ = {
			isa = PBXVariantGroup;
			children = (
				ECB6328F26B2911800D1DC0E /* Base */,
			);
			name = Main.storyboard;
			sourceTree = "<group>";
		};
		ECB6329326B2911900D1DC0E /* LaunchScreen.storyboard */ = {
			isa = PBXVariantGroup;
			children = (
				ECB6329426B2911900D1DC0E /* Base */,
			);
			name = LaunchScreen.storyboard;
			sourceTree = "<group>";
		};
/* End PBXVariantGroup section */

/* Begin XCBuildConfiguration section */
		ECB6329926B2911900D1DC0E /* Debug */ = {
			isa = XCBuildConfiguration;
			buildSettings = {
				ALWAYS_SEARCH_USER_PATHS = NO;
				CLANG_ANALYZER_NONNULL = YES;
				CLANG_ANALYZER_NUMBER_OBJECT_CONVERSION = YES_AGGRESSIVE;
				CLANG_CXX_LANGUAGE_STANDARD = "gnu++14";
				CLANG_CXX_LIBRARY = "libc++";
				CLANG_ENABLE_MODULES = YES;
				CLANG_ENABLE_OBJC_ARC = YES;
				CLANG_ENABLE_OBJC_WEAK = YES;
				CLANG_WARN_BLOCK_CAPTURE_AUTORELEASING = YES;
				CLANG_WARN_BOOL_CONVERSION = YES;
				CLANG_WARN_COMMA = YES;
				CLANG_WARN_CONSTANT_CONVERSION = YES;
				CLANG_WARN_DEPRECATED_OBJC_IMPLEMENTATIONS = YES;
				CLANG_WARN_DIRECT_OBJC_ISA_USAGE = YES_ERROR;
				CLANG_WARN_DOCUMENTATION_COMMENTS = YES;
				CLANG_WARN_EMPTY_BODY = YES;
				CLANG_WARN_ENUM_CONVERSION = YES;
				CLANG_WARN_INFINITE_RECURSION = YES;
				CLANG_WARN_INT_CONVERSION = YES;
				CLANG_WARN_NON_LITERAL_NULL_CONVERSION = YES;
				CLANG_WARN_OBJC_IMPLICIT_RETAIN_SELF = YES;
				CLANG_WARN_OBJC_LITERAL_CONVERSION = YES;
				CLANG_WARN_OBJC_ROOT_CLASS = YES_ERROR;
				CLANG_WARN_QUOTED_INCLUDE_IN_FRAMEWORK_HEADER = YES;
				CLANG_WARN_RANGE_LOOP_ANALYSIS = YES;
				CLANG_WARN_STRICT_PROTOTYPES = YES;
				CLANG_WARN_SUSPICIOUS_MOVE = YES;
				CLANG_WARN_UNGUARDED_AVAILABILITY = YES_AGGRESSIVE;
				CLANG_WARN_UNREACHABLE_CODE = YES;
				CLANG_WARN__DUPLICATE_METHOD_MATCH = YES;
				COPY_PHASE_STRIP = NO;
				DEBUG_INFORMATION_FORMAT = dwarf;
				ENABLE_STRICT_OBJC_MSGSEND = YES;
				ENABLE_TESTABILITY = YES;
				GCC_C_LANGUAGE_STANDARD = gnu11;
				GCC_DYNAMIC_NO_PIC = NO;
				GCC_NO_COMMON_BLOCKS = YES;
				GCC_OPTIMIZATION_LEVEL = 0;
				GCC_PREPROCESSOR_DEFINITIONS = (
					"DEBUG=1",
					"$(inherited)",
				);
				GCC_WARN_64_TO_32_BIT_CONVERSION = YES;
				GCC_WARN_ABOUT_RETURN_TYPE = YES_ERROR;
				GCC_WARN_UNDECLARED_SELECTOR = YES;
				GCC_WARN_UNINITIALIZED_AUTOS = YES_AGGRESSIVE;
				GCC_WARN_UNUSED_FUNCTION = YES;
				GCC_WARN_UNUSED_VARIABLE = YES;
				IPHONEOS_DEPLOYMENT_TARGET = 14.5;
				MTL_ENABLE_DEBUG_INFO = INCLUDE_SOURCE;
				MTL_FAST_MATH = YES;
				ONLY_ACTIVE_ARCH = YES;
				SDKROOT = iphoneos;
			};
			name = Debug;
		};
		ECB6329A26B2911900D1DC0E /* Release */ = {
			isa = XCBuildConfiguration;
			buildSettings = {
				ALWAYS_SEARCH_USER_PATHS = NO;
				CLANG_ANALYZER_NONNULL = YES;
				CLANG_ANALYZER_NUMBER_OBJECT_CONVERSION = YES_AGGRESSIVE;
				CLANG_CXX_LANGUAGE_STANDARD = "gnu++14";
				CLANG_CXX_LIBRARY = "libc++";
				CLANG_ENABLE_MODULES = YES;
				CLANG_ENABLE_OBJC_ARC = YES;
				CLANG_ENABLE_OBJC_WEAK = YES;
				CLANG_WARN_BLOCK_CAPTURE_AUTORELEASING = YES;
				CLANG_WARN_BOOL_CONVERSION = YES;
				CLANG_WARN_COMMA = YES;
				CLANG_WARN_CONSTANT_CONVERSION = YES;
				CLANG_WARN_DEPRECATED_OBJC_IMPLEMENTATIONS = YES;
				CLANG_WARN_DIRECT_OBJC_ISA_USAGE = YES_ERROR;
				CLANG_WARN_DOCUMENTATION_COMMENTS = YES;
				CLANG_WARN_EMPTY_BODY = YES;
				CLANG_WARN_ENUM_CONVERSION = YES;
				CLANG_WARN_INFINITE_RECURSION = YES;
				CLANG_WARN_INT_CONVERSION = YES;
				CLANG_WARN_NON_LITERAL_NULL_CONVERSION = YES;
				CLANG_WARN_OBJC_IMPLICIT_RETAIN_SELF = YES;
				CLANG_WARN_OBJC_LITERAL_CONVERSION = YES;
				CLANG_WARN_OBJC_ROOT_CLASS = YES_ERROR;
				CLANG_WARN_QUOTED_INCLUDE_IN_FRAMEWORK_HEADER = YES;
				CLANG_WARN_RANGE_LOOP_ANALYSIS = YES;
				CLANG_WARN_STRICT_PROTOTYPES = YES;
				CLANG_WARN_SUSPICIOUS_MOVE = YES;
				CLANG_WARN_UNGUARDED_AVAILABILITY = YES_AGGRESSIVE;
				CLANG_WARN_UNREACHABLE_CODE = YES;
				CLANG_WARN__DUPLICATE_METHOD_MATCH = YES;
				COPY_PHASE_STRIP = NO;
				DEBUG_INFORMATION_FORMAT = "dwarf-with-dsym";
				ENABLE_NS_ASSERTIONS = NO;
				ENABLE_STRICT_OBJC_MSGSEND = YES;
				GCC_C_LANGUAGE_STANDARD = gnu11;
				GCC_NO_COMMON_BLOCKS = YES;
				GCC_WARN_64_TO_32_BIT_CONVERSION = YES;
				GCC_WARN_ABOUT_RETURN_TYPE = YES_ERROR;
				GCC_WARN_UNDECLARED_SELECTOR = YES;
				GCC_WARN_UNINITIALIZED_AUTOS = YES_AGGRESSIVE;
				GCC_WARN_UNUSED_FUNCTION = YES;
				GCC_WARN_UNUSED_VARIABLE = YES;
				IPHONEOS_DEPLOYMENT_TARGET = 14.5;
				MTL_ENABLE_DEBUG_INFO = NO;
				MTL_FAST_MATH = YES;
				SDKROOT = iphoneos;
				VALIDATE_PRODUCT = YES;
			};
			name = Release;
		};
		ECB6329C26B2911900D1DC0E /* Debug */ = {
			isa = XCBuildConfiguration;
			baseConfigurationReference = 4DE418E3DE5B7124E0CD565C /* Pods-zujianhuaTest.debug.xcconfig */;
			buildSettings = {
				ASSETCATALOG_COMPILER_APPICON_NAME = AppIcon;
				ASSETCATALOG_COMPILER_GLOBAL_ACCENT_COLOR_NAME = AccentColor;
				CODE_SIGN_STYLE = Automatic;
				INFOPLIST_FILE = zujianhuaTest/Info.plist;
				LD_RUNPATH_SEARCH_PATHS = (
					"$(inherited)",
					"@executable_path/Frameworks",
				);
				PRODUCT_BUNDLE_IDENTIFIER = com.lavi.swifttest.zujianhuaTest;
				PRODUCT_NAME = "$(TARGET_NAME)";
				TARGETED_DEVICE_FAMILY = "1,2";
			};
			name = Debug;
		};
		ECB6329D26B2911900D1DC0E /* Release */ = {
			isa = XCBuildConfiguration;
			baseConfigurationReference = 7431F237D182551DA65FD798 /* Pods-zujianhuaTest.release.xcconfig */;
			buildSettings = {
				ASSETCATALOG_COMPILER_APPICON_NAME = AppIcon;
				ASSETCATALOG_COMPILER_GLOBAL_ACCENT_COLOR_NAME = AccentColor;
				CODE_SIGN_STYLE = Automatic;
				INFOPLIST_FILE = zujianhuaTest/Info.plist;
				LD_RUNPATH_SEARCH_PATHS = (
					"$(inherited)",
					"@executable_path/Frameworks",
				);
				PRODUCT_BUNDLE_IDENTIFIER = com.lavi.swifttest.zujianhuaTest;
				PRODUCT_NAME = "$(TARGET_NAME)";
				TARGETED_DEVICE_FAMILY = "1,2";
			};
			name = Release;
		};
/* End XCBuildConfiguration section */

/* Begin XCConfigurationList section */
		ECB6327D26B2911800D1DC0E /* Build configuration list for PBXProject "zujianhuaTest" */ = {
			isa = XCConfigurationList;
			buildConfigurations = (
				ECB6329926B2911900D1DC0E /* Debug */,
				ECB6329A26B2911900D1DC0E /* Release */,
			);
			defaultConfigurationIsVisible = 0;
			defaultConfigurationName = Release;
		};
		ECB6329B26B2911900D1DC0E /* Build configuration list for PBXNativeTarget "zujianhuaTest" */ = {
			isa = XCConfigurationList;
			buildConfigurations = (
				ECB6329C26B2911900D1DC0E /* Debug */,
				ECB6329D26B2911900D1DC0E /* Release */,
			);
			defaultConfigurationIsVisible = 0;
			defaultConfigurationName = Release;
		};
/* End XCConfigurationList section */
	};
	rootObject = ECB6327A26B2911800D1DC0E /* Project object */;
}
